
Microsoft Visual Studio Solution File, Format Version 12.00
# Visual Studio Version 17
VisualStudioVersion = 17.4.33205.214
MinimumVisualStudioVersion = 10.0.40219.1
Project("{9A19103F-16F7-4668-BE54-9A1E7A4F7556}") = "Business", "Business\Business.csproj", "{F87E71D3-D954-410A-8EAB-89FD4BC3D954}"
EndProject
Project("{9A19103F-16F7-4668-BE54-9A1E7A4F7556}") = "Core", "Core\Core.csproj", "{F42CD339-1A43-40B1-8B6D-DF5759020C78}"
EndProject
Project("{9A19103F-16F7-4668-BE54-9A1E7A4F7556}") = "DataAccess", "DataAccess\DataAccess.csproj", "{D77AEA6F-40B0-4DBE-9A68-D85342E7ACCA}"
EndProject
Project("{9A19103F-16F7-4668-BE54-9A1E7A4F7556}") = "Entities", "Entities\Entities.csproj", "{4B7597C2-C89A-4F3B-864E-0C3E67FB1C0A}"
EndProject
Project("{FAE04EC0-301F-11D3-BF4B-00C04F79EFBC}") = "FinalProject.app", "FinalProject.app\FinalProject.app.csproj", "{AE813AD1-35D2-4A6F-A030-10C2699FF283}"
EndProject
Global
	GlobalSection(SolutionConfigurationPlatforms) = preSolution
		Debug|Any CPU = Debug|Any CPU
		Release|Any CPU = Release|Any CPU
	EndGlobalSection
	GlobalSection(ProjectConfigurationPlatforms) = postSolution
		{F87E71D3-D954-410A-8EAB-89FD4BC3D954}.Debug|Any CPU.ActiveCfg = Debug|Any CPU
		{F87E71D3-D954-410A-8EAB-89FD4BC3D954}.Debug|Any CPU.Build.0 = Debug|Any CPU
		{F87E71D3-D954-410A-8EAB-89FD4BC3D954}.Release|Any CPU.ActiveCfg = Release|Any CPU
		{F87E71D3-D954-410A-8EAB-89FD4BC3D954}.Release|Any CPU.Build.0 = Release|Any CPU
		{F42CD339-1A43-40B1-8B6D-DF5759020C78}.Debug|Any CPU.ActiveCfg = Debug|Any CPU
		{F42CD339-1A43-40B1-8B6D-DF5759020C78}.Debug|Any CPU.Build.0 = Debug|Any CPU
		{F42CD339-1A43-40B1-8B6D-DF5759020C78}.Release|Any CPU.ActiveCfg = Release|Any CPU
		{F42CD339-1A43-40B1-8B6D-DF5759020C78}.Release|Any CPU.Build.0 = Release|Any CPU
		{D77AEA6F-40B0-4DBE-9A68-D85342E7ACCA}.Debug|Any CPU.ActiveCfg = Debug|Any CPU
		{D77AEA6F-40B0-4DBE-9A68-D85342E7ACCA}.Debug|Any CPU.Build.0 = Debug|Any CPU
		{D77AEA6F-40B0-4DBE-9A68-D85342E7ACCA}.Release|Any CPU.ActiveCfg = Release|Any CPU
		{D77AEA6F-40B0-4DBE-9A68-D85342E7ACCA}.Release|Any CPU.Build.0 = Release|Any CPU
		{4B7597C2-C89A-4F3B-864E-0C3E67FB1C0A}.Debug|Any CPU.ActiveCfg = Debug|Any CPU
		{4B7597C2-C89A-4F3B-864E-0C3E67FB1C0A}.Debug|Any CPU.Build.0 = Debug|Any CPU
		{4B7597C2-C89A-4F3B-864E-0C3E67FB1C0A}.Release|Any CPU.ActiveCfg = Release|Any CPU
		{4B7597C2-C89A-4F3B-864E-0C3E67FB1C0A}.Release|Any CPU.Build.0 = Release|Any CPU
		{AE813AD1-35D2-4A6F-A030-10C2699FF283}.Debug|Any CPU.ActiveCfg = Debug|Any CPU
		{AE813AD1-35D2-4A6F-A030-10C2699FF283}.Debug|Any CPU.Build.0 = Debug|Any CPU
		{AE813AD1-35D2-4A6F-A030-10C2699FF283}.Release|Any CPU.ActiveCfg = Release|Any CPU
		{AE813AD1-35D2-4A6F-A030-10C2699FF283}.Release|Any CPU.Build.0 = Release|Any CPU
	EndGlobalSection
	GlobalSection(SolutionProperties) = preSolution
		HideSolutionNode = FALSE
	EndGlobalSection
	GlobalSection(ExtensibilityGlobals) = postSolution
		SolutionGuid = {8DBFB4EA-284D-4C69-84C9-B21ADB4DBEAE}
	EndGlobalSection
EndGlobal
